PODS:
  - Flutter (1.0.0)
  - flutter_secure_storage (6.0.0):
    - Flutter
  - fluttertoast (0.0.2):
    - Flutter
    - Toast
  - FMDB (2.7.5):
    - FMDB/standard (= 2.7.5)
  - FMDB/standard (2.7.5)
  - image_picker_ios (0.0.1):
    - Flutter
  - onesignal_flutter (3.4.1):
    - Flutter
    - OneSignalXCFramework (= 3.11.2)
  - OneSignalXCFramework (3.11.2):
    - OneSignalXCFramework/OneSignalCore (= 3.11.2)
    - OneSignalXCFramework/OneSignalExtension (= 3.11.2)
    - OneSignalXCFramework/OneSignalOutcomes (= 3.11.2)
  - OneSignalXCFramework/OneSignalCore (3.11.2)
  - OneSignalXCFramework/OneSignalExtension (3.11.2):
    - OneSignalXCFramework/OneSignalCore
    - OneSignalXCFramework/OneSignalOutcomes
  - OneSignalXCFramework/OneSignalOutcomes (3.11.2):
    - OneSignalXCFramework/OneSignalCore
  - path_provider_foundation (0.0.1):
    - Flutter
    - FlutterMacOS
  - permission_handler_apple (9.0.4):
    - Flutter
  - shared_preferences_foundation (0.0.1):
    - Flutter
    - FlutterMacOS
  - sqflite (0.0.2):
    - Flutter
    - FMDB (>= 2.7.5)
  - Stripe (23.3.4):
    - StripeApplePay (= 23.3.4)
    - StripeCore (= 23.3.4)
    - StripePayments (= 23.3.4)
    - StripePaymentsUI (= 23.3.4)
    - StripeUICore (= 23.3.4)
  - stripe_ios (0.0.1):
    - Flutter
    - Stripe (~> 23.3.3)
    - StripeApplePay (~> 23.3.3)
    - StripeFinancialConnections (~> 23.3.3)
    - StripePayments (~> 23.3.3)
    - StripePaymentSheet (~> 23.3.3)
    - StripePaymentsUI (~> 23.3.3)
  - StripeApplePay (23.3.4):
    - StripeCore (= 23.3.4)
  - StripeCore (23.3.4)
  - StripeFinancialConnections (23.3.4):
    - StripeCore (= 23.3.4)
    - StripeUICore (= 23.3.4)
  - StripePayments (23.3.4):
    - StripeCore (= 23.3.4)
    - StripePayments/Stripe3DS2 (= 23.3.4)
  - StripePayments/Stripe3DS2 (23.3.4):
    - StripeCore (= 23.3.4)
  - StripePaymentSheet (23.3.4):
    - StripeApplePay (= 23.3.4)
    - StripeCore (= 23.3.4)
    - StripePayments (= 23.3.4)
    - StripePaymentsUI (= 23.3.4)
  - StripePaymentsUI (23.3.4):
    - StripeCore (= 23.3.4)
    - StripePayments (= 23.3.4)
    - StripeUICore (= 23.3.4)
  - StripeUICore (23.3.4):
    - StripeCore (= 23.3.4)
  - Toast (4.0.0)

DEPENDENCIES:
  - Flutter (from `Flutter`)
  - flutter_secure_storage (from `.symlinks/plugins/flutter_secure_storage/ios`)
  - fluttertoast (from `.symlinks/plugins/fluttertoast/ios`)
  - image_picker_ios (from `.symlinks/plugins/image_picker_ios/ios`)
  - onesignal_flutter (from `.symlinks/plugins/onesignal_flutter/ios`)
  - OneSignalXCFramework (>= 3.4.1)
  - path_provider_foundation (from `.symlinks/plugins/path_provider_foundation/ios`)
  - permission_handler_apple (from `.symlinks/plugins/permission_handler_apple/ios`)
  - shared_preferences_foundation (from `.symlinks/plugins/shared_preferences_foundation/ios`)
  - sqflite (from `.symlinks/plugins/sqflite/ios`)
  - stripe_ios (from `.symlinks/plugins/stripe_ios/ios`)

SPEC REPOS:
  trunk:
    - FMDB
    - OneSignalXCFramework
    - Stripe
    - StripeApplePay
    - StripeCore
    - StripeFinancialConnections
    - StripePayments
    - StripePaymentSheet
    - StripePaymentsUI
    - StripeUICore
    - Toast

EXTERNAL SOURCES:
  Flutter:
    :path: Flutter
  flutter_secure_storage:
    :path: ".symlinks/plugins/flutter_secure_storage/ios"
  fluttertoast:
    :path: ".symlinks/plugins/fluttertoast/ios"
  image_picker_ios:
    :path: ".symlinks/plugins/image_picker_ios/ios"
  onesignal_flutter:
    :path: ".symlinks/plugins/onesignal_flutter/ios"
  path_provider_foundation:
    :path: ".symlinks/plugins/path_provider_foundation/ios"
  permission_handler_apple:
    :path: ".symlinks/plugins/permission_handler_apple/ios"
  shared_preferences_foundation:
    :path: ".symlinks/plugins/shared_preferences_foundation/ios"
  sqflite:
    :path: ".symlinks/plugins/sqflite/ios"
  stripe_ios:
    :path: ".symlinks/plugins/stripe_ios/ios"

SPEC CHECKSUMS:
  Flutter: f04841e97a9d0b0a8025694d0796dd46242b2854
  flutter_secure_storage: 23fc622d89d073675f2eaa109381aefbcf5a49be
  fluttertoast: eb263d302cc92e04176c053d2385237e9f43fad0
  FMDB: 2ce00b547f966261cd18927a3ddb07cb6f3db82a
  image_picker_ios: 4a8aadfbb6dc30ad5141a2ce3832af9214a705b5
  onesignal_flutter: 02a850e079073e8bd03948f50a2fb9a7918b5db6
  OneSignalXCFramework: 81ceac017a290f23793443323090cfbe888f74ea
  path_provider_foundation: c68054786f1b4f3343858c1e1d0caaded73f0be9
  permission_handler_apple: 44366e37eaf29454a1e7b1b7d736c2cceaeb17ce
  shared_preferences_foundation: 986fc17f3d3251412d18b0265f9c64113a8c2472
  sqflite: 6d358c025f5b867b29ed92fc697fd34924e11904
  Stripe: 7393b16fe555d4a68e6555044e7b57eff11ae547
  stripe_ios: 1be2c6f10dcf1e33c14625ad02099e0ff3cfe6d8
  StripeApplePay: 174b09c0211134417e340c68af199a3dd34f3cd6
  StripeCore: babb08ec2b961f7cde8663dad3b4cbb77e0ae63b
  StripeFinancialConnections: 484096f2dc5d3c20cc24a5ad4d261953ba806ef0
  StripePayments: 71bf62ccdacefc4b68b46a02a7f2492aeba252b3
  StripePaymentSheet: 722ea7bea092c243d771122fe3572a9c84512704
  StripePaymentsUI: fd08081c4be73c16322dc76a1878140520a9df2e
  StripeUICore: ed68cbd5ad0626e0760e772f8c82d96cae9b829b
  Toast: 91b396c56ee72a5790816f40d3a94dd357abc196

PODFILE CHECKSUM: 0e325b2cc91edb5b7897836e841b830591e7fb85

COCOAPODS: 1.11.0
